
Microsoft Visual Studio Solution File, Format Version 12.00
# Visual Studio Version 17
VisualStudioVersion = 17.1.32328.378
MinimumVisualStudioVersion = 10.0.40219.1
Project("{FAE04EC0-301F-11D3-BF4B-00C04F79EFBC}") = "Two", "Two\Two.csproj", "{CAFB016C-29B9-4324-AFF1-9FAE9C853761}"
EndProject
Global
	GlobalSection(SolutionConfigurationPlatforms) = preSolution
		Debug|Any CPU = Debug|Any CPU
		Release|Any CPU = Release|Any CPU
	EndGlobalSection
	GlobalSection(ProjectConfigurationPlatforms) = postSolution
		{CAFB016C-29B9-4324-AFF1-9FAE9C853761}.Debug|Any CPU.ActiveCfg = Debug|Any CPU
		{CAFB016C-29B9-4324-AFF1-9FAE9C853761}.Debug|Any CPU.Build.0 = Debug|Any CPU
		{CAFB016C-29B9-4324-AFF1-9FAE9C853761}.Release|Any CPU.ActiveCfg = Release|Any CPU
		{CAFB016C-29B9-4324-AFF1-9FAE9C853761}.Release|Any CPU.Build.0 = Release|Any CPU
	EndGlobalSection
	GlobalSection(SolutionProperties) = preSolution
		HideSolutionNode = FALSE
	EndGlobalSection
	GlobalSection(ExtensibilityGlobals) = postSolution
		SolutionGuid = {D06603B0-5521-4034-A45C-E75CE821CA77}
	EndGlobalSection
EndGlobal
